
Microsoft Visual Studio Solution File, Format Version 12.00
# Visual Studio Version 17
VisualStudioVersion = 17.0.32112.339
MinimumVisualStudioVersion = 10.0.40219.1
Project("{8BC9CEB8-8B4A-11D0-8D11-00A0C91BC942}") = "MaximChurmaevGraphic2", "MaximChurmaevGraphic2\MaximChurmaevGraphic2.vcxproj", "{332CA7F9-1C46-47BA-A4FF-1248B12A2CDA}"
EndProject
Global
	GlobalSection(SolutionConfigurationPlatforms) = preSolution
		Debug|x64 = Debug|x64
		Debug|x86 = Debug|x86
		Release|x64 = Release|x64
		Release|x86 = Release|x86
	EndGlobalSection
	GlobalSection(ProjectConfigurationPlatforms) = postSolution
		{332CA7F9-1C46-47BA-A4FF-1248B12A2CDA}.Debug|x64.ActiveCfg = Debug|x64
		{332CA7F9-1C46-47BA-A4FF-1248B12A2CDA}.Debug|x64.Build.0 = Debug|x64
		{332CA7F9-1C46-47BA-A4FF-1248B12A2CDA}.Debug|x86.ActiveCfg = Debug|Win32
		{332CA7F9-1C46-47BA-A4FF-1248B12A2CDA}.Debug|x86.Build.0 = Debug|Win32
		{332CA7F9-1C46-47BA-A4FF-1248B12A2CDA}.Release|x64.ActiveCfg = Release|x64
		{332CA7F9-1C46-47BA-A4FF-1248B12A2CDA}.Release|x64.Build.0 = Release|x64
		{332CA7F9-1C46-47BA-A4FF-1248B12A2CDA}.Release|x86.ActiveCfg = Release|Win32
		{332CA7F9-1C46-47BA-A4FF-1248B12A2CDA}.Release|x86.Build.0 = Release|Win32
	EndGlobalSection
	GlobalSection(SolutionProperties) = preSolution
		HideSolutionNode = FALSE
	EndGlobalSection
	GlobalSection(ExtensibilityGlobals) = postSolution
		SolutionGuid = {00D6A249-3E2C-4A05-912D-4CA5378D3979}
	EndGlobalSection
EndGlobal
